
Microsoft Visual Studio Solution File, Format Version 12.00
# Visual Studio Version 17
VisualStudioVersion = 17.13.35806.99 d17.13
MinimumVisualStudioVersion = 10.0.40219.1
Project("{FAE04EC0-301F-11D3-BF4B-00C04F79EFBC}") = "backend", "backend\backend.csproj", "{BBD24506-80E3-4E00-A18F-CDA74AA786C9}"
EndProject
Global
	GlobalSection(SolutionConfigurationPlatforms) = preSolution
		Debug|Any CPU = Debug|Any CPU
		Release|Any CPU = Release|Any CPU
	EndGlobalSection
	GlobalSection(ProjectConfigurationPlatforms) = postSolution
		{BBD24506-80E3-4E00-A18F-CDA74AA786C9}.Debug|Any CPU.ActiveCfg = Debug|Any CPU
		{BBD24506-80E3-4E00-A18F-CDA74AA786C9}.Debug|Any CPU.Build.0 = Debug|Any CPU
		{BBD24506-80E3-4E00-A18F-CDA74AA786C9}.Release|Any CPU.ActiveCfg = Release|Any CPU
		{BBD24506-80E3-4E00-A18F-CDA74AA786C9}.Release|Any CPU.Build.0 = Release|Any CPU
	EndGlobalSection
	GlobalSection(SolutionProperties) = preSolution
		HideSolutionNode = FALSE
	EndGlobalSection
	GlobalSection(ExtensibilityGlobals) = postSolution
		SolutionGuid = {011CC3AC-17E0-423D-A20A-6518C98B56BB}
	EndGlobalSection
EndGlobal
